
Microsoft Visual Studio Solution File, Format Version 12.00
# Visual Studio Version 17
VisualStudioVersion = 17.0.31919.166
MinimumVisualStudioVersion = 10.0.40219.1
Project("{9A19103F-16F7-4668-BE54-9A1E7A4F7556}") = "AguiaLeague.Api", "AguiaLeague.Api\AguiaLeague.Api.csproj", "{543C21AE-FEC9-42AB-A2A0-66166EB1934A}"
EndProject
Project("{9A19103F-16F7-4668-BE54-9A1E7A4F7556}") = "AguiaLeague.Domain", "AguiaLeague.Domain\AguiaLeague.Domain.csproj", "{825EC31A-D41C-40DE-9FEF-0D74D687B474}"
EndProject
Project("{9A19103F-16F7-4668-BE54-9A1E7A4F7556}") = "AguiaLeague.Data", "AguiaLeague.Data\AguiaLeague.Data.csproj", "{334D0676-4A2E-4575-91D9-5B96C4C02967}"
EndProject
Project("{2150E333-8FDC-42A3-9474-1A3956D46DE8}") = "0 - API", "0 - API", "{BB66E102-ED7E-4B00-9524-B2EEC3B38F1C}"
EndProject
Project("{2150E333-8FDC-42A3-9474-1A3956D46DE8}") = "1 - Domain", "1 - Domain", "{FF4F607C-830D-4512-B272-BF3E5D323A1E}"
EndProject
Project("{2150E333-8FDC-42A3-9474-1A3956D46DE8}") = "2 - Infra", "2 - Infra", "{80DDF351-BA59-4ECF-8872-A697D91A8D28}"
EndProject
Global
	GlobalSection(SolutionConfigurationPlatforms) = preSolution
		Debug|Any CPU = Debug|Any CPU
		Release|Any CPU = Release|Any CPU
	EndGlobalSection
	GlobalSection(ProjectConfigurationPlatforms) = postSolution
		{543C21AE-FEC9-42AB-A2A0-66166EB1934A}.Debug|Any CPU.ActiveCfg = Debug|Any CPU
		{543C21AE-FEC9-42AB-A2A0-66166EB1934A}.Debug|Any CPU.Build.0 = Debug|Any CPU
		{543C21AE-FEC9-42AB-A2A0-66166EB1934A}.Release|Any CPU.ActiveCfg = Release|Any CPU
		{543C21AE-FEC9-42AB-A2A0-66166EB1934A}.Release|Any CPU.Build.0 = Release|Any CPU
		{825EC31A-D41C-40DE-9FEF-0D74D687B474}.Debug|Any CPU.ActiveCfg = Debug|Any CPU
		{825EC31A-D41C-40DE-9FEF-0D74D687B474}.Debug|Any CPU.Build.0 = Debug|Any CPU
		{825EC31A-D41C-40DE-9FEF-0D74D687B474}.Release|Any CPU.ActiveCfg = Release|Any CPU
		{825EC31A-D41C-40DE-9FEF-0D74D687B474}.Release|Any CPU.Build.0 = Release|Any CPU
		{334D0676-4A2E-4575-91D9-5B96C4C02967}.Debug|Any CPU.ActiveCfg = Debug|Any CPU
		{334D0676-4A2E-4575-91D9-5B96C4C02967}.Debug|Any CPU.Build.0 = Debug|Any CPU
		{334D0676-4A2E-4575-91D9-5B96C4C02967}.Release|Any CPU.ActiveCfg = Release|Any CPU
		{334D0676-4A2E-4575-91D9-5B96C4C02967}.Release|Any CPU.Build.0 = Release|Any CPU
	EndGlobalSection
	GlobalSection(SolutionProperties) = preSolution
		HideSolutionNode = FALSE
	EndGlobalSection
	GlobalSection(NestedProjects) = preSolution
		{543C21AE-FEC9-42AB-A2A0-66166EB1934A} = {BB66E102-ED7E-4B00-9524-B2EEC3B38F1C}
		{825EC31A-D41C-40DE-9FEF-0D74D687B474} = {FF4F607C-830D-4512-B272-BF3E5D323A1E}
		{334D0676-4A2E-4575-91D9-5B96C4C02967} = {80DDF351-BA59-4ECF-8872-A697D91A8D28}
	EndGlobalSection
	GlobalSection(ExtensibilityGlobals) = postSolution
		SolutionGuid = {02275326-A124-406E-8E08-2620D11C3775}
	EndGlobalSection
EndGlobal
